PODS:
  - DACircularProgress (2.3.1)
  - Expecta (1.0.6)
  - Expecta+Snapshots (2.0.0):
    - Expecta (~> 1.0)
    - FBSnapshotTestCase/Core (~> 2.0.3)
  - FBSnapshotTestCase (2.0.7):
    - FBSnapshotTestCase/SwiftSupport (= 2.0.7)
  - FBSnapshotTestCase/Core (2.0.7)
  - FBSnapshotTestCase/SwiftSupport (2.0.7):
    - FBSnapshotTestCase/Core
  - MBProgressHUD (1.0.0)
  - MWPhotoBrowser (2.1.2):
    - DACircularProgress (~> 2.3)
    - MBProgressHUD (~> 1.0.0)
    - SDWebImage (!= 3.7.2, ~> 3.7)
  - SDWebImage (3.8.2):
    - SDWebImage/Core (= 3.8.2)
  - SDWebImage/Core (3.8.2)
  - Specta (1.0.7)

DEPENDENCIES:
  - Expecta
  - Expecta+Snapshots
  - FBSnapshotTestCase
  - MWPhotoBrowser (from `../`)
  - Specta

EXTERNAL SOURCES:
  MWPhotoBrowser:
    :path: "../"

SPEC CHECKSUMS:
  DACircularProgress: 4dd437c0fc3da5161cb289e07ac449493d41db71
  Expecta: 3b6bd90a64b9a1dcb0b70aa0e10a7f8f631667d5
  Expecta+Snapshots: 29b38dd695bc72a0ed2bea833937d78df41943ba
  FBSnapshotTestCase: 7e85180d0d141a0cf472352edda7e80d7eaeb547
  MBProgressHUD: 4890f671c94e8a0f3cf959aa731e9de2f036d71a
  MWPhotoBrowser: a7a0c9aa5e0d23c218f84a7f8ec481324182d9a0
  SDWebImage: '098e97e6176540799c27e804c96653ee0833d13c'
  Specta: 3e1bd89c3517421982dc4d1c992503e48bd5fe66

PODFILE CHECKSUM: f81891d14b22326d0c22cbf83fbdc0d344553dab

COCOAPODS: 1.2.0
